<?xml version="1.0" encoding="utf-8"?>
<Project ToolsVersion="4.0" xmlns="http://schemas.microsoft.com/developer/msbuild/2003">
  <ItemGroup>
    <Filter Include="DearImGui">
      <UniqueIdentifier>{1CA84653-8812-FBC9-D150-AC6F3DFAD81E}</UniqueIdentifier>
    </Filter>
  </ItemGroup>
  <ItemGroup>
    <ClCompile Include="..\DearImGui\imgui.cpp">
      <Filter>DearImGui</Filter>
    </ClCompile>
    <ClCompile Include="..\DearImGui\imgui_demo.cpp">
      <Filter>DearImGui</Filter>
    </ClCompile>
    <ClCompile Include="..\DearImGui\imgui_draw.cpp">
      <Filter>DearImGui</Filter>
    </ClCompile>
    <ClCompile Include="..\DearImGui\imgui_impl_glfw.cpp">
      <Filter>DearImGui</Filter>
    </ClCompile>
    <ClCompile Include="..\DearImGui\imgui_impl_opengl3.cpp">
      <Filter>DearImGui</Filter>
    </ClCompile>
    <ClCompile Include="..\DearImGui\imgui_widgets.cpp">
      <Filter>DearImGui</Filter>
    </ClCompile>
    <ClCompile Include="main.cpp" />
  </ItemGroup>
</Project>